<?xml version="1.0" encoding="utf-8"?>
<Project ToolsVersion="4.0" xmlns="http://schemas.microsoft.com/developer/msbuild/2003">
  <ItemGroup>
    <Filter Include="Source Files">
      <UniqueIdentifier>{4FC737F1-C7A5-4376-A066-2A32D752A2FF}</UniqueIdentifier>
      <Extensions>cpp;c;cc;cxx;def;odl;idl;hpj;bat;asm;asmx</Extensions>
    </Filter>
    <Filter Include="Header Files">
      <UniqueIdentifier>{93995380-89BD-4b04-88EB-625FBE52EBFB}</UniqueIdentifier>
      <Extensions>h;hh;hpp;hxx;hm;inl;inc;xsd</Extensions>
    </Filter>
    <Filter Include="Resource Files">
      <UniqueIdentifier>{67DA6AB6-F800-4c08-8B7A-83BB121AAD01}</UniqueIdentifier>
      <Extensions>rc;ico;cur;bmp;dlg;rc2;rct;bin;rgs;gif;jpg;jpeg;jpe;resx;tiff;tif;png;wav;mfcribbon-ms</Extensions>
    </Filter>
  </ItemGroup>
  <ItemGroup>
    <ClInclude Include="MyFrame.h">
      <Filter>Header Files</Filter>
    </ClInclude>
    <ClInclude Include="stdafx.h">
      <Filter>Header Files</Filter>
    </ClInclude>
    <ClInclude Include="targetver.h">
      <Filter>Header Files</Filter>
    </ClInclude>
    <ClInclude Include="resource.h">
      <Filter>Header Files</Filter>
    </ClInclude>
    <ClInclude Include="MySettingsDlg.h">
      <Filter>Header Files</Filter>
    </ClInclude>
    <ClInclude Include="MyGridDlg.h">
      <Filter>Header Files</Filter>
    </ClInclude>
    <ClInclude Include="MyFrameDlg2.h">
      <Filter>Header Files</Filter>
    </ClInclude>
    <ClInclude Include="MyFrameDlg3.h">
      <Filter>Header Files</Filter>
    </ClInclude>
    <ClInclude Include="TestEdit.h">
      <Filter>Header Files</Filter>
    </ClInclude>
    <ClInclude Include="MyFrameDlg4.h">
      <Filter>Header Files</Filter>
    </ClInclude>
    <ClInclude Include="MyFrameDlg5.h">
      <Filter>Header Files</Filter>
    </ClInclude>
    <ClInclude Include="MyFrameDlg6.h">
      <Filter>Header Files</Filter>
    </ClInclude>
    <ClInclude Include="MyFrameDlg7.h">
      <Filter>Header Files</Filter>
    </ClInclude>
    <ClInclude Include="MyFrameDlg1.h">
      <Filter>Header Files</Filter>
    </ClInclude>
    <ClInclude Include="MyFrameDlg.h">
      <Filter>Header Files</Filter>
    </ClInclude>
  </ItemGroup>
  <ItemGroup>
    <ClCompile Include="MyFrame.cpp">
      <Filter>Source Files</Filter>
    </ClCompile>
    <ClCompile Include="stdafx.cpp">
      <Filter>Source Files</Filter>
    </ClCompile>
    <ClCompile Include="MySettingsDlg.cpp">
      <Filter>Source Files</Filter>
    </ClCompile>
    <ClCompile Include="MyGridDlg.cpp">
      <Filter>Source Files</Filter>
    </ClCompile>
    <ClCompile Include="MyFrameDlg2.cpp">
      <Filter>Source Files</Filter>
    </ClCompile>
    <ClCompile Include="MyFrameDlg3.cpp">
      <Filter>Source Files</Filter>
    </ClCompile>
    <ClCompile Include="MyFrameDlg4.cpp">
      <Filter>Source Files</Filter>
    </ClCompile>
    <ClCompile Include="TestEdit.cpp">
      <Filter>Source Files</Filter>
    </ClCompile>
    <ClCompile Include="MyFrameDlg5.cpp">
      <Filter>Source Files</Filter>
    </ClCompile>
    <ClCompile Include="MyFrameDlg6.cpp">
      <Filter>Source Files</Filter>
    </ClCompile>
    <ClCompile Include="MyFrameDlg7.cpp">
      <Filter>Source Files</Filter>
    </ClCompile>
    <ClCompile Include="MyFrameDlg1.cpp">
      <Filter>Source Files</Filter>
    </ClCompile>
    <ClCompile Include="MyFrameDlg.cpp">
      <Filter>Source Files</Filter>
    </ClCompile>
  </ItemGroup>
  <ItemGroup>
    <ResourceCompile Include="MyFrame.rc">
      <Filter>Resource Files</Filter>
    </ResourceCompile>
  </ItemGroup>
  <ItemGroup>
    <None Include="res\MyFrame.rc2">
      <Filter>Resource Files</Filter>
    </None>
  </ItemGroup>
  <ItemGroup>
    <Image Include="res\MyFrame.ico">
      <Filter>Resource Files</Filter>
    </Image>
    <Image Include="res\Toolbar.bmp">
      <Filter>Resource Files</Filter>
    </Image>
    <Image Include="res\Toolbar256.bmp">
      <Filter>Resource Files</Filter>
    </Image>
    <Image Include="Icons\60_OK.ico">
      <Filter>Resource Files</Filter>
    </Image>
    <Image Include="Icons\61_Cancel.ico">
      <Filter>Resource Files</Filter>
    </Image>
    <Image Include="Icons\63_RemoveObject.ico">
      <Filter>Resource Files</Filter>
    </Image>
    <Image Include="icons\bitmap2.bmp">
      <Filter>Resource Files</Filter>
    </Image>
    <Image Include="Icons\30_Save.ico">
      <Filter>Resource Files</Filter>
    </Image>
    <Image Include="res\TabIcons.bmp">
      <Filter>Resource Files</Filter>
    </Image>
  </ItemGroup>
  <ItemGroup>
    <Xml Include="TestDialogs.Manifest.xml">
      <Filter>Resource Files</Filter>
    </Xml>
  </ItemGroup>
</Project>